
Microsoft Visual Studio Solution File, Format Version 12.00
# Visual Studio Version 17
VisualStudioVersion = 17.10.34928.147
MinimumVisualStudioVersion = 10.0.40219.1
Project("{9A19103F-16F7-4668-BE54-9A1E7A4F7556}") = "LMS-Learning_Menagment_System_API", "LMS-Learning_Menagment_System_API\LMS-Learning_Menagment_System_API.csproj", "{ABDDBE54-54B8-4FDB-AFD4-4EF757394D25}"
EndProject
Project("{FAE04EC0-301F-11D3-BF4B-00C04F79EFBC}") = "Test", "Test\Test.csproj", "{B7C09A08-F51E-4559-9A23-73CB4E6F915A}"
EndProject
Global
	GlobalSection(SolutionConfigurationPlatforms) = preSolution
		Debug|Any CPU = Debug|Any CPU
		Release|Any CPU = Release|Any CPU
	EndGlobalSection
	GlobalSection(ProjectConfigurationPlatforms) = postSolution
		{ABDDBE54-54B8-4FDB-AFD4-4EF757394D25}.Debug|Any CPU.ActiveCfg = Debug|Any CPU
		{ABDDBE54-54B8-4FDB-AFD4-4EF757394D25}.Debug|Any CPU.Build.0 = Debug|Any CPU
		{ABDDBE54-54B8-4FDB-AFD4-4EF757394D25}.Release|Any CPU.ActiveCfg = Release|Any CPU
		{ABDDBE54-54B8-4FDB-AFD4-4EF757394D25}.Release|Any CPU.Build.0 = Release|Any CPU
		{B7C09A08-F51E-4559-9A23-73CB4E6F915A}.Debug|Any CPU.ActiveCfg = Debug|Any CPU
		{B7C09A08-F51E-4559-9A23-73CB4E6F915A}.Debug|Any CPU.Build.0 = Debug|Any CPU
		{B7C09A08-F51E-4559-9A23-73CB4E6F915A}.Release|Any CPU.ActiveCfg = Release|Any CPU
		{B7C09A08-F51E-4559-9A23-73CB4E6F915A}.Release|Any CPU.Build.0 = Release|Any CPU
	EndGlobalSection
	GlobalSection(SolutionProperties) = preSolution
		HideSolutionNode = FALSE
	EndGlobalSection
	GlobalSection(ExtensibilityGlobals) = postSolution
		SolutionGuid = {99F72C2D-1B93-479C-96EA-52C492C682DE}
	EndGlobalSection
EndGlobal
